
Microsoft Visual Studio Solution File, Format Version 12.00
# Visual Studio Version 16
VisualStudioVersion = 16.0.30225.117
MinimumVisualStudioVersion = 10.0.40219.1
Project("{FAE04EC0-301F-11D3-BF4B-00C04F79EFBC}") = "GeoQuiz", "GeoQuiz\GeoQuiz.csproj", "{92CB5281-F78C-46B2-89C8-9BBFEFBF871F}"
EndProject
Global
	GlobalSection(SolutionConfigurationPlatforms) = preSolution
		Debug|Any CPU = Debug|Any CPU
		Release|Any CPU = Release|Any CPU
	EndGlobalSection
	GlobalSection(ProjectConfigurationPlatforms) = postSolution
		{92CB5281-F78C-46B2-89C8-9BBFEFBF871F}.Debug|Any CPU.ActiveCfg = Debug|Any CPU
		{92CB5281-F78C-46B2-89C8-9BBFEFBF871F}.Debug|Any CPU.Build.0 = Debug|Any CPU
		{92CB5281-F78C-46B2-89C8-9BBFEFBF871F}.Debug|Any CPU.Deploy.0 = Debug|Any CPU
		{92CB5281-F78C-46B2-89C8-9BBFEFBF871F}.Release|Any CPU.ActiveCfg = Release|Any CPU
		{92CB5281-F78C-46B2-89C8-9BBFEFBF871F}.Release|Any CPU.Build.0 = Release|Any CPU
		{92CB5281-F78C-46B2-89C8-9BBFEFBF871F}.Release|Any CPU.Deploy.0 = Release|Any CPU
	EndGlobalSection
	GlobalSection(SolutionProperties) = preSolution
		HideSolutionNode = FALSE
	EndGlobalSection
	GlobalSection(ExtensibilityGlobals) = postSolution
		SolutionGuid = {8D5E4A06-61FF-49FB-B7DE-925ABD0D1CF4}
	EndGlobalSection
EndGlobal
